
Microsoft Visual Studio Solution File, Format Version 12.00
# Visual Studio 15
VisualStudioVersion = 15.0.27703.2035
MinimumVisualStudioVersion = 10.0.40219.1
Project("{9A19103F-16F7-4668-BE54-9A1E7A4F7556}") = "CefAdapter", "CefAdapter\CefAdapter.csproj", "{594D2688-4B8B-4B54-A3E9-5E053E33166A}"
EndProject
Project("{9A19103F-16F7-4668-BE54-9A1E7A4F7556}") = "Simple", "Samples\Simple\Simple.csproj", "{67E6441D-3D74-4FEF-ABB7-6DFE256952B7}"
EndProject
Global
	GlobalSection(SolutionConfigurationPlatforms) = preSolution
		Debug|Any CPU = Debug|Any CPU
		Release|Any CPU = Release|Any CPU
	EndGlobalSection
	GlobalSection(ProjectConfigurationPlatforms) = postSolution
		{594D2688-4B8B-4B54-A3E9-5E053E33166A}.Debug|Any CPU.ActiveCfg = Debug|Any CPU
		{594D2688-4B8B-4B54-A3E9-5E053E33166A}.Debug|Any CPU.Build.0 = Debug|Any CPU
		{594D2688-4B8B-4B54-A3E9-5E053E33166A}.Release|Any CPU.ActiveCfg = Release|Any CPU
		{594D2688-4B8B-4B54-A3E9-5E053E33166A}.Release|Any CPU.Build.0 = Release|Any CPU
		{67E6441D-3D74-4FEF-ABB7-6DFE256952B7}.Debug|Any CPU.ActiveCfg = Debug|Any CPU
		{67E6441D-3D74-4FEF-ABB7-6DFE256952B7}.Debug|Any CPU.Build.0 = Debug|Any CPU
		{67E6441D-3D74-4FEF-ABB7-6DFE256952B7}.Release|Any CPU.ActiveCfg = Release|Any CPU
		{67E6441D-3D74-4FEF-ABB7-6DFE256952B7}.Release|Any CPU.Build.0 = Release|Any CPU
	EndGlobalSection
	GlobalSection(SolutionProperties) = preSolution
		HideSolutionNode = FALSE
	EndGlobalSection
	GlobalSection(ExtensibilityGlobals) = postSolution
		SolutionGuid = {B82765F6-22D8-4387-97D5-1617210F169E}
	EndGlobalSection
EndGlobal
