Microsoft Visual Studio Solution File, Format Version 12.00
# Visual Studio 15
Project("{8BC9CEB8-8B4A-11D0-8D11-00A0C91BC942}") = "ALL_BUILD", "ALL_BUILD.vcxproj", "{CB24C7B1-41FC-39BB-9446-5BF7B367C176}"
	ProjectSection(ProjectDependencies) = postProject
		{8636EE57-DF6A-3517-9881-D7B842639A14} = {8636EE57-DF6A-3517-9881-D7B842639A14}
		{026E92C5-DFBB-328E-ADCF-ED180E3B467F} = {026E92C5-DFBB-328E-ADCF-ED180E3B467F}
	EndProjectSection
EndProject
Project("{8BC9CEB8-8B4A-11D0-8D11-00A0C91BC942}") = "CefAdapter.Browser", "CefAdapter.Browser\CefAdapter.Browser.vcxproj", "{8636EE57-DF6A-3517-9881-D7B842639A14}"
	ProjectSection(ProjectDependencies) = postProject
		{026E92C5-DFBB-328E-ADCF-ED180E3B467F} = {026E92C5-DFBB-328E-ADCF-ED180E3B467F}
	EndProjectSection
EndProject
Project("{8BC9CEB8-8B4A-11D0-8D11-00A0C91BC942}") = "ZERO_CHECK", "ZERO_CHECK.vcxproj", "{026E92C5-DFBB-328E-ADCF-ED180E3B467F}"
	ProjectSection(ProjectDependencies) = postProject
	EndProjectSection
EndProject
Global
	GlobalSection(SolutionConfigurationPlatforms) = preSolution
		Debug|Win32 = Debug|Win32
		Release|Win32 = Release|Win32
	EndGlobalSection
	GlobalSection(ProjectConfigurationPlatforms) = postSolution
		{CB24C7B1-41FC-39BB-9446-5BF7B367C176}.Debug|Win32.ActiveCfg = Debug|Win32
		{CB24C7B1-41FC-39BB-9446-5BF7B367C176}.Release|Win32.ActiveCfg = Release|Win32
		{8636EE57-DF6A-3517-9881-D7B842639A14}.Debug|Win32.ActiveCfg = Debug|Win32
		{8636EE57-DF6A-3517-9881-D7B842639A14}.Debug|Win32.Build.0 = Debug|Win32
		{8636EE57-DF6A-3517-9881-D7B842639A14}.Release|Win32.ActiveCfg = Release|Win32
		{8636EE57-DF6A-3517-9881-D7B842639A14}.Release|Win32.Build.0 = Release|Win32
		{026E92C5-DFBB-328E-ADCF-ED180E3B467F}.Debug|Win32.ActiveCfg = Debug|Win32
		{026E92C5-DFBB-328E-ADCF-ED180E3B467F}.Debug|Win32.Build.0 = Debug|Win32
		{026E92C5-DFBB-328E-ADCF-ED180E3B467F}.Release|Win32.ActiveCfg = Release|Win32
		{026E92C5-DFBB-328E-ADCF-ED180E3B467F}.Release|Win32.Build.0 = Release|Win32
	EndGlobalSection
	GlobalSection(ExtensibilityGlobals) = postSolution
		SolutionGuid = {35125F89-1138-308B-A0A7-28CF7C5E7408}
	EndGlobalSection
	GlobalSection(ExtensibilityAddIns) = postSolution
	EndGlobalSection
EndGlobal
